Microsoft Visual Studio Solution File, Format Version 12.00
# Visual Studio Version 17
VisualStudioVersion = 17.5.2.0
MinimumVisualStudioVersion = 10.0.40219.1
Project("{FAE04EC0-301F-11D3-BF4B-00C04F79EFBC}") = "BancoMoney", "BancoMoney.csproj", "{4A7BE002-C175-4B8B-A379-56F55FBC1B78}"
EndProject
Global
	GlobalSection(SolutionConfigurationPlatforms) = preSolution
		Debug|Any CPU = Debug|Any CPU
		Release|Any CPU = Release|Any CPU
	EndGlobalSection
	GlobalSection(ProjectConfigurationPlatforms) = postSolution
		{4A7BE002-C175-4B8B-A379-56F55FBC1B78}.Debug|Any CPU.ActiveCfg = Debug|Any CPU
		{4A7BE002-C175-4B8B-A379-56F55FBC1B78}.Debug|Any CPU.Build.0 = Debug|Any CPU
		{4A7BE002-C175-4B8B-A379-56F55FBC1B78}.Release|Any CPU.ActiveCfg = Release|Any CPU
		{4A7BE002-C175-4B8B-A379-56F55FBC1B78}.Release|Any CPU.Build.0 = Release|Any CPU
	EndGlobalSection
	GlobalSection(SolutionProperties) = preSolution
		HideSolutionNode = FALSE
	EndGlobalSection
	GlobalSection(ExtensibilityGlobals) = postSolution
		SolutionGuid = {40F57F88-C835-425F-B49B-58C9B1503548}
	EndGlobalSection
EndGlobal
